// !$*UTF8*$!
{
	archiveVersion = 1;
	classes = {
	};
	objectVersion = 46;
	objects = {

/* Begin PBXBuildFile section */
		D8EC18901CDE9D47009CF12C /* AppDelegate.swift in Sources */ = {isa = PBXBuildFile; fileRef = D8EC188F1CDE9D47009CF12C /* AppDelegate.swift */; };
		D8EC18921CDE9D47009CF12C /* ViewController.swift in Sources */ = {isa = PBXBuildFile; fileRef = D8EC18911CDE9D47009CF12C /* ViewController.swift */; };
		D8EC18951CDE9D47009CF12C /* Main.storyboard in Resources */ = {isa = PBXBuildFile; fileRef = D8EC18931CDE9D47009CF12C /* Main.storyboard */; };
		D8EC18971CDE9D47009CF12C /* Assets.xcassets in Resources */ = {isa = PBXBuildFile; fileRef = D8EC18961CDE9D47009CF12C /* Assets.xcassets */; };
		D8EC189A1CDE9D47009CF12C /* LaunchScreen.storyboard in Resources */ = {isa = PBXBuildFile; fileRef = D8EC18981CDE9D47009CF12C /* LaunchScreen.storyboard */; };
/* End PBXBuildFile section */

/* Begin PBXFileReference section */
		D8EC188C1CDE9D47009CF12C /* Times Tables.app */ = {isa = PBXFileReference; explicitFileType = wrapper.application; includeInIndex = 0; path = "Times Tables.app"; sourceTree = BUILT_PRODUCTS_DIR; };
		D8EC188F1CDE9D47009CF12C /* AppDelegate.swift */ = {isa = PBXFileReference; lastKnownFileType = sourcecode.swift; path = AppDelegate.swift; sourceTree = "<group>"; };
		D8EC18911CDE9D47009CF12C /* ViewController.swift */ = {isa = PBXFileReference; lastKnownFileType = sourcecode.swift; path = ViewController.swift; sourceTree = "<group>"; };
		D8EC18941CDE9D47009CF12C /* Base */ = {isa = PBXFileReference; lastKnownFileType = file.storyboard; name = Base; path = Base.lproj/Main.storyboard; sourceTree = "<group>"; };
		D8EC18961CDE9D47009CF12C /* Assets.xcassets */ = {isa = PBXFileReference; lastKnownFileType = folder.assetcatalog; path = Assets.xcassets; sourceTree = "<group>"; };
		D8EC18991CDE9D47009CF12C /* Base */ = {isa = PBXFileReference; lastKnownFileType = file.storyboard; name = Base; path = Base.lproj/LaunchScreen.storyboard; sourceTree = "<group>"; };
		D8EC189B1CDE9D47009CF12C /* Info.plist */ = {isa = PBXFileReference; lastKnownFileType = text.plist.xml; path = Info.plist; sourceTree = "<group>"; };
/* End PBXFileReference section */

/* Begin PBXFrameworksBuildPhase section */
		D8EC18891CDE9D47009CF12C /* Frameworks */ = {
			isa = PBXFrameworksBuildPhase;
			buildActionMask = 2147483647;
			files = (
			);
			runOnlyForDeploymentPostprocessing = 0;
		};
/* End PBXFrameworksBuildPhase section */

/* Begin PBXGroup section */
		D8EC18831CDE9D47009CF12C = {
			isa = PBXGroup;
			children = (
				D8EC188E1CDE9D47009CF12C /* Times Tables */,
				D8EC188D1CDE9D47009CF12C /* Products */,
			);
			sourceTree = "<group>";
		};
		D8EC188D1CDE9D47009CF12C /* Products */ = {
			isa = PBXGroup;
			children = (
				D8EC188C1CDE9D47009CF12C /* Times Tables.app */,
			);
			name = Products;
			sourceTree = "<group>";
		};
		D8EC188E1CDE9D47009CF12C /* Times Tables */ = {
			isa = PBXGroup;
			children = (
				D8EC188F1CDE9D47009CF12C /* AppDelegate.swift */,
				D8EC18911CDE9D47009CF12C /* ViewController.swift */,
				D8EC18931CDE9D47009CF12C /* Main.storyboard */,
				D8EC18961CDE9D47009CF12C /* Assets.xcassets */,
				D8EC18981CDE9D47009CF12C /* LaunchScreen.storyboard */,
				D8EC189B1CDE9D47009CF12C /* Info.plist */,
			);
			path = "Times Tables";
			sourceTree = "<group>";
		};
/* End PBXGroup section */

/* Begin PBXNativeTarget section */
		D8EC188B1CDE9D47009CF12C /* Times Tables */ = {
			isa = PBXNativeTarget;
			buildConfigurationList = D8EC189E1CDE9D47009CF12C /* Build configuration list for PBXNativeTarget "Times Tables" */;
			buildPhases = (
				D8EC18881CDE9D47009CF12C /* Sources */,
				D8EC18891CDE9D47009CF12C /* Frameworks */,
				D8EC188A1CDE9D47009CF12C /* Resources */,
			);
			buildRules = (
			);
			dependencies = (
			);
			name = "Times Tables";
			productName = "Times Tables";
			productReference = D8EC188C1CDE9D47009CF12C /* Times Tables.app */;
			productType = "com.apple.product-type.application";
		};
/* End PBXNativeTarget section */

/* Begin PBXProject section */
		D8EC18841CDE9D47009CF12C /* Project object */ = {
			isa = PBXProject;
			attributes = {
				LastSwiftUpdateCheck = 0730;
				LastUpgradeCheck = 0730;
				ORGANIZATIONNAME = fvergara;
				TargetAttributes = {
					D8EC188B1CDE9D47009CF12C = {
						CreatedOnToolsVersion = 7.3.1;
						DevelopmentTeam = DZ2LJDS532;
					};
				};
			};
			buildConfigurationList = D8EC18871CDE9D47009CF12C /* Build configuration list for PBXProject "Times Tables" */;
			compatibilityVersion = "Xcode 3.2";
			developmentRegion = English;
			hasScannedForEncodings = 0;
			knownRegions = (
				en,
				Base,
			);
			mainGroup = D8EC18831CDE9D47009CF12C;
			productRefGroup = D8EC188D1CDE9D47009CF12C /* Products */;
			projectDirPath = "";
			projectRoot = "";
			targets = (
				D8EC188B1CDE9D47009CF12C /* Times Tables */,
			);
		};
/* End PBXProject section */

/* Begin PBXResourcesBuildPhase section */
		D8EC188A1CDE9D47009CF12C /* Resources */ = {
			isa = PBXResourcesBuildPhase;
			buildActionMask = 2147483647;
			files = (
				D8EC189A1CDE9D47009CF12C /* LaunchScreen.storyboard in Resources */,
				D8EC18971CDE9D47009CF12C /* Assets.xcassets in Resources */,
				D8EC18951CDE9D47009CF12C /* Main.storyboard in Resources */,
			);
			runOnlyForDeploymentPostprocessing = 0;
		};
/* End PBXResourcesBuildPhase section */

/* Begin PBXSourcesBuildPhase section */
		D8EC18881CDE9D47009CF12C /* Sources */ = {
			isa = PBXSourcesBuildPhase;
			buildActionMask = 2147483647;
			files = (
				D8EC18921CDE9D47009CF12C /* ViewController.swift in Sources */,
				D8EC18901CDE9D47009CF12C /* AppDelegate.swift in Sources */,
			);
			runOnlyForDeploymentPostprocessing = 0;
		};
/* End PBXSourcesBuildPhase section */

/* Begin PBXVariantGroup section */
		D8EC18931CDE9D47009CF12C /* Main.storyboard */ = {
			isa = PBXVariantGroup;
			children = (
				D8EC18941CDE9D47009CF12C /* Base */,
			);
			name = Main.storyboard;
			sourceTree = "<group>";
		};
		D8EC18981CDE9D47009CF12C /* LaunchScreen.storyboard */ = {
			isa = PBXVariantGroup;
			children = (
				D8EC18991CDE9D47009CF12C /* Base */,
			);
			name = LaunchScreen.storyboard;
			sourceTree = "<group>";
		};
/* End PBXVariantGroup section */

/* Begin XCBuildConfiguration section */
		D8EC189C1CDE9D47009CF12C /* Debug */ = {
			isa = XCBuildConfiguration;
			buildSettings = {
				ALWAYS_SEARCH_USER_PATHS = NO;
				CLANG_ANALYZER_NONNULL = YES;
				CLANG_CXX_LANGUAGE_STANDARD = "gnu++0x";
				CLANG_CXX_LIBRARY = "libc++";
				CLANG_ENABLE_MODULES = YES;
				CLANG_ENABLE_OBJC_ARC = YES;
				CLANG_WARN_BOOL_CONVERSION = YES;
				CLANG_WARN_CONSTANT_CONVERSION = YES;
				CLANG_WARN_DIRECT_OBJC_ISA_USAGE = YES_ERROR;
				CLANG_WARN_EMPTY_BODY = YES;
				CLANG_WARN_ENUM_CONVERSION = YES;
				CLANG_WARN_INT_CONVERSION = YES;
				CLANG_WARN_OBJC_ROOT_CLASS = YES_ERROR;
				CLANG_WARN_UNREACHABLE_CODE = YES;
				CLANG_WARN__DUPLICATE_METHOD_MATCH = YES;
				"CODE_SIGN_IDENTITY[sdk=iphoneos*]" = "iPhone Developer";
				COPY_PHASE_STRIP = NO;
				DEBUG_INFORMATION_FORMAT = dwarf;
				ENABLE_STRICT_OBJC_MSGSEND = YES;
				ENABLE_TESTABILITY = YES;
				GCC_C_LANGUAGE_STANDARD = gnu99;
				GCC_DYNAMIC_NO_PIC = NO;
				GCC_NO_COMMON_BLOCKS = YES;
				GCC_OPTIMIZATION_LEVEL = 0;
				GCC_PREPROCESSOR_DEFINITIONS = (
					"DEBUG=1",
					"$(inherited)",
				);
				GCC_WARN_64_TO_32_BIT_CONVERSION = YES;
				GCC_WARN_ABOUT_RETURN_TYPE = YES_ERROR;
				GCC_WARN_UNDECLARED_SELECTOR = YES;
				GCC_WARN_UNINITIALIZED_AUTOS = YES_AGGRESSIVE;
				GCC_WARN_UNUSED_FUNCTION = YES;
				GCC_WARN_UNUSED_VARIABLE = YES;
				IPHONEOS_DEPLOYMENT_TARGET = 9.3;
				MTL_ENABLE_DEBUG_INFO = YES;
				ONLY_ACTIVE_ARCH = YES;
				SDKROOT = iphoneos;
				SWIFT_OPTIMIZATION_LEVEL = "-Onone";
			};
			name = Debug;
		};
		D8EC189D1CDE9D47009CF12C /* Release */ = {
			isa = XCBuildConfiguration;
			buildSettings = {
				ALWAYS_SEARCH_USER_PATHS = NO;
				CLANG_ANALYZER_NONNULL = YES;
				CLANG_CXX_LANGUAGE_STANDARD = "gnu++0x";
				CLANG_CXX_LIBRARY = "libc++";
				CLANG_ENABLE_MODULES = YES;
				CLANG_ENABLE_OBJC_ARC = YES;
				CLANG_WARN_BOOL_CONVERSION = YES;
				CLANG_WARN_CONSTANT_CONVERSION = YES;
				CLANG_WARN_DIRECT_OBJC_ISA_USAGE = YES_ERROR;
				CLANG_WARN_EMPTY_BODY = YES;
				CLANG_WARN_ENUM_CONVERSION = YES;
				CLANG_WARN_INT_CONVERSION = YES;
				CLANG_WARN_OBJC_ROOT_CLASS = YES_ERROR;
				CLANG_WARN_UNREACHABLE_CODE = YES;
				CLANG_WARN__DUPLICATE_METHOD_MATCH = YES;
				"CODE_SIGN_IDENTITY[sdk=iphoneos*]" = "iPhone Developer";
				COPY_PHASE_STRIP = NO;
				DEBUG_INFORMATION_FORMAT = "dwarf-with-dsym";
				ENABLE_NS_ASSERTIONS = NO;
				ENABLE_STRICT_OBJC_MSGSEND = YES;
				GCC_C_LANGUAGE_STANDARD = gnu99;
				GCC_NO_COMMON_BLOCKS = YES;
				GCC_WARN_64_TO_32_BIT_CONVERSION = YES;
				GCC_WARN_ABOUT_RETURN_TYPE = YES_ERROR;
				GCC_WARN_UNDECLARED_SELECTOR = YES;
				GCC_WARN_UNINITIALIZED_AUTOS = YES_AGGRESSIVE;
				GCC_WARN_UNUSED_FUNCTION = YES;
				GCC_WARN_UNUSED_VARIABLE = YES;
				IPHONEOS_DEPLOYMENT_TARGET = 9.3;
				MTL_ENABLE_DEBUG_INFO = NO;
				SDKROOT = iphoneos;
				VALIDATE_PRODUCT = YES;
			};
			name = Release;
		};
		D8EC189F1CDE9D47009CF12C /* Debug */ = {
			isa = XCBuildConfiguration;
			buildSettings = {
				ASSETCATALOG_COMPILER_APPICON_NAME = AppIcon;
				INFOPLIST_FILE = "Times Tables/Info.plist";
				LD_RUNPATH_SEARCH_PATHS = "$(inherited) @executable_path/Frameworks";
				PRODUCT_BUNDLE_IDENTIFIER = "com.fvergara.Times-Tables";
				PRODUCT_NAME = "$(TARGET_NAME)";
			};
			name = Debug;
		};
		D8EC18A01CDE9D47009CF12C /* Release */ = {
			isa = XCBuildConfiguration;
			buildSettings = {
				ASSETCATALOG_COMPILER_APPICON_NAME = AppIcon;
				INFOPLIST_FILE = "Times Tables/Info.plist";
				LD_RUNPATH_SEARCH_PATHS = "$(inherited) @executable_path/Frameworks";
				PRODUCT_BUNDLE_IDENTIFIER = "com.fvergara.Times-Tables";
				PRODUCT_NAME = "$(TARGET_NAME)";
			};
			name = Release;
		};
/* End XCBuildConfiguration section */

/* Begin XCConfigurationList section */
		D8EC18871CDE9D47009CF12C /* Build configuration list for PBXProject "Times Tables" */ = {
			isa = XCConfigurationList;
			buildConfigurations = (
				D8EC189C1CDE9D47009CF12C /* Debug */,
				D8EC189D1CDE9D47009CF12C /* Release */,
			);
			defaultConfigurationIsVisible = 0;
			defaultConfigurationName = Release;
		};
		D8EC189E1CDE9D47009CF12C /* Build configuration list for PBXNativeTarget "Times Tables" */ = {
			isa = XCConfigurationList;
			buildConfigurations = (
				D8EC189F1CDE9D47009CF12C /* Debug */,
				D8EC18A01CDE9D47009CF12C /* Release */,
			);
			defaultConfigurationIsVisible = 0;
		};
/* End XCConfigurationList section */
	};
	rootObject = D8EC18841CDE9D47009CF12C /* Project object */;
}
